
Microsoft Visual Studio Solution File, Format Version 12.00
# Visual Studio Version 17
VisualStudioVersion = 17.4.33205.214
MinimumVisualStudioVersion = 10.0.40219.1
Project("{9A19103F-16F7-4668-BE54-9A1E7A4F7556}") = "HuseyinBerkayTelli-WebAPI", "HuseyinBerkayTelli-WebAPI\HuseyinBerkayTelli-WebAPI.csproj", "{FF865A06-8E96-49E6-810F-3239A061A654}"
EndProject
Project("{2150E333-8FDC-42A3-9474-1A3956D46DE8}") = "App", "App", "{2F43DC14-B88C-47D9-9FBC-C706E9F889BE}"
EndProject
Project("{2150E333-8FDC-42A3-9474-1A3956D46DE8}") = "Model", "Model", "{306BD7C1-8ED9-4C83-994A-D9A9CF3E3A3B}"
EndProject
Project("{2150E333-8FDC-42A3-9474-1A3956D46DE8}") = "Presentation", "Presentation", "{97D5F482-E99A-4E90-9C8C-256B5DBF70FB}"
EndProject
Project("{9A19103F-16F7-4668-BE54-9A1E7A4F7556}") = "AppEnvironment", "AppEnvironment\AppEnvironment.csproj", "{94FCCEFA-11AB-4A05-A40D-FDEFFA55DED2}"
EndProject
Project("{9A19103F-16F7-4668-BE54-9A1E7A4F7556}") = "Business", "Business\Business.csproj", "{3FEAEE72-F098-448C-A29A-94C21F3C046D}"
EndProject
Project("{9A19103F-16F7-4668-BE54-9A1E7A4F7556}") = "Context", "Context\Context.csproj", "{441992EE-04DF-469B-B5A6-B91D0A050904}"
EndProject
Project("{9A19103F-16F7-4668-BE54-9A1E7A4F7556}") = "Repository", "Repository\Repository.csproj", "{7E71C3D0-6CD3-4C69-8EDE-8F0710493682}"
EndProject
Project("{9A19103F-16F7-4668-BE54-9A1E7A4F7556}") = "Entity", "Entity\Entity.csproj", "{CC039D43-4426-4E40-9F08-1BF22479312D}"
EndProject
Project("{9A19103F-16F7-4668-BE54-9A1E7A4F7556}") = "ViewModel", "ViewModel\ViewModel.csproj", "{91A77B88-7B99-4CA6-8EF5-D2BAAEF2F74D}"
EndProject
Project("{FAE04EC0-301F-11D3-BF4B-00C04F79EFBC}") = "HuseyinBerkayTellı-MVC", "HuseyinBerkayTellı-MVC\HuseyinBerkayTellı-MVC.csproj", "{99B722A4-A824-4466-B161-F94219EC4A51}"
EndProject
Global
	GlobalSection(SolutionConfigurationPlatforms) = preSolution
		Debug|Any CPU = Debug|Any CPU
		Release|Any CPU = Release|Any CPU
	EndGlobalSection
	GlobalSection(ProjectConfigurationPlatforms) = postSolution
		{FF865A06-8E96-49E6-810F-3239A061A654}.Debug|Any CPU.ActiveCfg = Debug|Any CPU
		{FF865A06-8E96-49E6-810F-3239A061A654}.Debug|Any CPU.Build.0 = Debug|Any CPU
		{FF865A06-8E96-49E6-810F-3239A061A654}.Release|Any CPU.ActiveCfg = Release|Any CPU
		{FF865A06-8E96-49E6-810F-3239A061A654}.Release|Any CPU.Build.0 = Release|Any CPU
		{94FCCEFA-11AB-4A05-A40D-FDEFFA55DED2}.Debug|Any CPU.ActiveCfg = Debug|Any CPU
		{94FCCEFA-11AB-4A05-A40D-FDEFFA55DED2}.Debug|Any CPU.Build.0 = Debug|Any CPU
		{94FCCEFA-11AB-4A05-A40D-FDEFFA55DED2}.Release|Any CPU.ActiveCfg = Release|Any CPU
		{94FCCEFA-11AB-4A05-A40D-FDEFFA55DED2}.Release|Any CPU.Build.0 = Release|Any CPU
		{3FEAEE72-F098-448C-A29A-94C21F3C046D}.Debug|Any CPU.ActiveCfg = Debug|Any CPU
		{3FEAEE72-F098-448C-A29A-94C21F3C046D}.Debug|Any CPU.Build.0 = Debug|Any CPU
		{3FEAEE72-F098-448C-A29A-94C21F3C046D}.Release|Any CPU.ActiveCfg = Release|Any CPU
		{3FEAEE72-F098-448C-A29A-94C21F3C046D}.Release|Any CPU.Build.0 = Release|Any CPU
		{441992EE-04DF-469B-B5A6-B91D0A050904}.Debug|Any CPU.ActiveCfg = Debug|Any CPU
		{441992EE-04DF-469B-B5A6-B91D0A050904}.Debug|Any CPU.Build.0 = Debug|Any CPU
		{441992EE-04DF-469B-B5A6-B91D0A050904}.Release|Any CPU.ActiveCfg = Release|Any CPU
		{441992EE-04DF-469B-B5A6-B91D0A050904}.Release|Any CPU.Build.0 = Release|Any CPU
		{7E71C3D0-6CD3-4C69-8EDE-8F0710493682}.Debug|Any CPU.ActiveCfg = Debug|Any CPU
		{7E71C3D0-6CD3-4C69-8EDE-8F0710493682}.Debug|Any CPU.Build.0 = Debug|Any CPU
		{7E71C3D0-6CD3-4C69-8EDE-8F0710493682}.Release|Any CPU.ActiveCfg = Release|Any CPU
		{7E71C3D0-6CD3-4C69-8EDE-8F0710493682}.Release|Any CPU.Build.0 = Release|Any CPU
		{CC039D43-4426-4E40-9F08-1BF22479312D}.Debug|Any CPU.ActiveCfg = Debug|Any CPU
		{CC039D43-4426-4E40-9F08-1BF22479312D}.Debug|Any CPU.Build.0 = Debug|Any CPU
		{CC039D43-4426-4E40-9F08-1BF22479312D}.Release|Any CPU.ActiveCfg = Release|Any CPU
		{CC039D43-4426-4E40-9F08-1BF22479312D}.Release|Any CPU.Build.0 = Release|Any CPU
		{91A77B88-7B99-4CA6-8EF5-D2BAAEF2F74D}.Debug|Any CPU.ActiveCfg = Debug|Any CPU
		{91A77B88-7B99-4CA6-8EF5-D2BAAEF2F74D}.Debug|Any CPU.Build.0 = Debug|Any CPU
		{91A77B88-7B99-4CA6-8EF5-D2BAAEF2F74D}.Release|Any CPU.ActiveCfg = Release|Any CPU
		{91A77B88-7B99-4CA6-8EF5-D2BAAEF2F74D}.Release|Any CPU.Build.0 = Release|Any CPU
		{99B722A4-A824-4466-B161-F94219EC4A51}.Debug|Any CPU.ActiveCfg = Debug|Any CPU
		{99B722A4-A824-4466-B161-F94219EC4A51}.Debug|Any CPU.Build.0 = Debug|Any CPU
		{99B722A4-A824-4466-B161-F94219EC4A51}.Release|Any CPU.ActiveCfg = Release|Any CPU
		{99B722A4-A824-4466-B161-F94219EC4A51}.Release|Any CPU.Build.0 = Release|Any CPU
	EndGlobalSection
	GlobalSection(SolutionProperties) = preSolution
		HideSolutionNode = FALSE
	EndGlobalSection
	GlobalSection(NestedProjects) = preSolution
		{FF865A06-8E96-49E6-810F-3239A061A654} = {97D5F482-E99A-4E90-9C8C-256B5DBF70FB}
		{94FCCEFA-11AB-4A05-A40D-FDEFFA55DED2} = {2F43DC14-B88C-47D9-9FBC-C706E9F889BE}
		{3FEAEE72-F098-448C-A29A-94C21F3C046D} = {2F43DC14-B88C-47D9-9FBC-C706E9F889BE}
		{441992EE-04DF-469B-B5A6-B91D0A050904} = {2F43DC14-B88C-47D9-9FBC-C706E9F889BE}
		{7E71C3D0-6CD3-4C69-8EDE-8F0710493682} = {2F43DC14-B88C-47D9-9FBC-C706E9F889BE}
		{CC039D43-4426-4E40-9F08-1BF22479312D} = {306BD7C1-8ED9-4C83-994A-D9A9CF3E3A3B}
		{91A77B88-7B99-4CA6-8EF5-D2BAAEF2F74D} = {306BD7C1-8ED9-4C83-994A-D9A9CF3E3A3B}
	EndGlobalSection
	GlobalSection(ExtensibilityGlobals) = postSolution
		SolutionGuid = {38D987D1-12C7-4E47-9019-C4F85CD3A469}
	EndGlobalSection
EndGlobal
